
Microsoft Visual Studio Solution File, Format Version 12.00
# Visual Studio Version 18
VisualStudioVersion = 18.0.11205.157
MinimumVisualStudioVersion = 10.0.40219.1
Project("{2150E333-8FDC-42A3-9474-1A3956D46DE8}") = "src", "src", "{827E0CD3-B72D-47B6-A68D-7590B98EB39B}"
EndProject
Project("{FAE04EC0-301F-11D3-BF4B-00C04F79EFBC}") = "DRD.Domain", "src\DRD.Domain\DRD.Domain.csproj", "{7ACCCBFF-099F-40AF-9678-639E3172DA71}"
EndProject
Project("{FAE04EC0-301F-11D3-BF4B-00C04F79EFBC}") = "DRD.Application", "src\DRD.Application\DRD.Application.csproj", "{D4472C5F-54E4-4E0A-9D64-ABC8850DD33B}"
EndProject
Project("{FAE04EC0-301F-11D3-BF4B-00C04F79EFBC}") = "DRD.Infrastructure", "src\DRD.Infrastructure\DRD.Infrastructure.csproj", "{A754B7B2-0183-4488-9994-319CA9C939CD}"
EndProject
Project("{FAE04EC0-301F-11D3-BF4B-00C04F79EFBC}") = "DRD.Web", "src\DRD.Web\DRD.Web.csproj", "{9BA67FE6-7181-4E9C-BFD4-6ABBD1FEFE64}"
EndProject
Project("{2150E333-8FDC-42A3-9474-1A3956D46DE8}") = "Logs", "Logs", "{6E7A3C6C-B0C8-4FCB-8084-B60D0CD2CFA9}"
EndProject
Project("{FAE04EC0-301F-11D3-BF4B-00C04F79EFBC}") = "DRD.Resources", "src\DRD.Resources\DRD.Resources.csproj", "{91D00BD1-09C8-0874-BCC8-1BA3D40EF35F}"
EndProject
Project("{2150E333-8FDC-42A3-9474-1A3956D46DE8}") = "Solution Items", "Solution Items", "{3596D1BD-1F10-43F3-89B3-941318BAE8C6}"
	ProjectSection(SolutionItems) = preProject
		README.md = README.md
	EndProjectSection
EndProject
Global
	GlobalSection(SolutionConfigurationPlatforms) = preSolution
		Debug|Any CPU = Debug|Any CPU
		Debug|x64 = Debug|x64
		Debug|x86 = Debug|x86
		Release|Any CPU = Release|Any CPU
		Release|x64 = Release|x64
		Release|x86 = Release|x86
	EndGlobalSection
	GlobalSection(ProjectConfigurationPlatforms) = postSolution
		{7ACCCBFF-099F-40AF-9678-639E3172DA71}.Debug|Any CPU.ActiveCfg = Debug|Any CPU
		{7ACCCBFF-099F-40AF-9678-639E3172DA71}.Debug|Any CPU.Build.0 = Debug|Any CPU
		{7ACCCBFF-099F-40AF-9678-639E3172DA71}.Debug|x64.ActiveCfg = Debug|Any CPU
		{7ACCCBFF-099F-40AF-9678-639E3172DA71}.Debug|x64.Build.0 = Debug|Any CPU
		{7ACCCBFF-099F-40AF-9678-639E3172DA71}.Debug|x86.ActiveCfg = Debug|Any CPU
		{7ACCCBFF-099F-40AF-9678-639E3172DA71}.Debug|x86.Build.0 = Debug|Any CPU
		{7ACCCBFF-099F-40AF-9678-639E3172DA71}.Release|Any CPU.ActiveCfg = Release|Any CPU
		{7ACCCBFF-099F-40AF-9678-639E3172DA71}.Release|Any CPU.Build.0 = Release|Any CPU
		{7ACCCBFF-099F-40AF-9678-639E3172DA71}.Release|x64.ActiveCfg = Release|Any CPU
		{7ACCCBFF-099F-40AF-9678-639E3172DA71}.Release|x64.Build.0 = Release|Any CPU
		{7ACCCBFF-099F-40AF-9678-639E3172DA71}.Release|x86.ActiveCfg = Release|Any CPU
		{7ACCCBFF-099F-40AF-9678-639E3172DA71}.Release|x86.Build.0 = Release|Any CPU
		{D4472C5F-54E4-4E0A-9D64-ABC8850DD33B}.Debug|Any CPU.ActiveCfg = Debug|Any CPU
		{D4472C5F-54E4-4E0A-9D64-ABC8850DD33B}.Debug|Any CPU.Build.0 = Debug|Any CPU
		{D4472C5F-54E4-4E0A-9D64-ABC8850DD33B}.Debug|x64.ActiveCfg = Debug|Any CPU
		{D4472C5F-54E4-4E0A-9D64-ABC8850DD33B}.Debug|x64.Build.0 = Debug|Any CPU
		{D4472C5F-54E4-4E0A-9D64-ABC8850DD33B}.Debug|x86.ActiveCfg = Debug|Any CPU
		{D4472C5F-54E4-4E0A-9D64-ABC8850DD33B}.Debug|x86.Build.0 = Debug|Any CPU
		{D4472C5F-54E4-4E0A-9D64-ABC8850DD33B}.Release|Any CPU.ActiveCfg = Release|Any CPU
		{D4472C5F-54E4-4E0A-9D64-ABC8850DD33B}.Release|Any CPU.Build.0 = Release|Any CPU
		{D4472C5F-54E4-4E0A-9D64-ABC8850DD33B}.Release|x64.ActiveCfg = Release|Any CPU
		{D4472C5F-54E4-4E0A-9D64-ABC8850DD33B}.Release|x64.Build.0 = Release|Any CPU
		{D4472C5F-54E4-4E0A-9D64-ABC8850DD33B}.Release|x86.ActiveCfg = Release|Any CPU
		{D4472C5F-54E4-4E0A-9D64-ABC8850DD33B}.Release|x86.Build.0 = Release|Any CPU
		{A754B7B2-0183-4488-9994-319CA9C939CD}.Debug|Any CPU.ActiveCfg = Debug|Any CPU
		{A754B7B2-0183-4488-9994-319CA9C939CD}.Debug|Any CPU.Build.0 = Debug|Any CPU
		{A754B7B2-0183-4488-9994-319CA9C939CD}.Debug|x64.ActiveCfg = Debug|Any CPU
		{A754B7B2-0183-4488-9994-319CA9C939CD}.Debug|x64.Build.0 = Debug|Any CPU
		{A754B7B2-0183-4488-9994-319CA9C939CD}.Debug|x86.ActiveCfg = Debug|Any CPU
		{A754B7B2-0183-4488-9994-319CA9C939CD}.Debug|x86.Build.0 = Debug|Any CPU
		{A754B7B2-0183-4488-9994-319CA9C939CD}.Release|Any CPU.ActiveCfg = Release|Any CPU
		{A754B7B2-0183-4488-9994-319CA9C939CD}.Release|Any CPU.Build.0 = Release|Any CPU
		{A754B7B2-0183-4488-9994-319CA9C939CD}.Release|x64.ActiveCfg = Release|Any CPU
		{A754B7B2-0183-4488-9994-319CA9C939CD}.Release|x64.Build.0 = Release|Any CPU
		{A754B7B2-0183-4488-9994-319CA9C939CD}.Release|x86.ActiveCfg = Release|Any CPU
		{A754B7B2-0183-4488-9994-319CA9C939CD}.Release|x86.Build.0 = Release|Any CPU
		{9BA67FE6-7181-4E9C-BFD4-6ABBD1FEFE64}.Debug|Any CPU.ActiveCfg = Debug|Any CPU
		{9BA67FE6-7181-4E9C-BFD4-6ABBD1FEFE64}.Debug|Any CPU.Build.0 = Debug|Any CPU
		{9BA67FE6-7181-4E9C-BFD4-6ABBD1FEFE64}.Debug|x64.ActiveCfg = Debug|Any CPU
		{9BA67FE6-7181-4E9C-BFD4-6ABBD1FEFE64}.Debug|x64.Build.0 = Debug|Any CPU
		{9BA67FE6-7181-4E9C-BFD4-6ABBD1FEFE64}.Debug|x86.ActiveCfg = Debug|Any CPU
		{9BA67FE6-7181-4E9C-BFD4-6ABBD1FEFE64}.Debug|x86.Build.0 = Debug|Any CPU
		{9BA67FE6-7181-4E9C-BFD4-6ABBD1FEFE64}.Release|Any CPU.ActiveCfg = Release|Any CPU
		{9BA67FE6-7181-4E9C-BFD4-6ABBD1FEFE64}.Release|Any CPU.Build.0 = Release|Any CPU
		{9BA67FE6-7181-4E9C-BFD4-6ABBD1FEFE64}.Release|x64.ActiveCfg = Release|Any CPU
		{9BA67FE6-7181-4E9C-BFD4-6ABBD1FEFE64}.Release|x64.Build.0 = Release|Any CPU
		{9BA67FE6-7181-4E9C-BFD4-6ABBD1FEFE64}.Release|x86.ActiveCfg = Release|Any CPU
		{9BA67FE6-7181-4E9C-BFD4-6ABBD1FEFE64}.Release|x86.Build.0 = Release|Any CPU
		{91D00BD1-09C8-0874-BCC8-1BA3D40EF35F}.Debug|Any CPU.ActiveCfg = Debug|Any CPU
		{91D00BD1-09C8-0874-BCC8-1BA3D40EF35F}.Debug|Any CPU.Build.0 = Debug|Any CPU
		{91D00BD1-09C8-0874-BCC8-1BA3D40EF35F}.Debug|x64.ActiveCfg = Debug|Any CPU
		{91D00BD1-09C8-0874-BCC8-1BA3D40EF35F}.Debug|x64.Build.0 = Debug|Any CPU
		{91D00BD1-09C8-0874-BCC8-1BA3D40EF35F}.Debug|x86.ActiveCfg = Debug|Any CPU
		{91D00BD1-09C8-0874-BCC8-1BA3D40EF35F}.Debug|x86.Build.0 = Debug|Any CPU
		{91D00BD1-09C8-0874-BCC8-1BA3D40EF35F}.Release|Any CPU.ActiveCfg = Release|Any CPU
		{91D00BD1-09C8-0874-BCC8-1BA3D40EF35F}.Release|Any CPU.Build.0 = Release|Any CPU
		{91D00BD1-09C8-0874-BCC8-1BA3D40EF35F}.Release|x64.ActiveCfg = Release|Any CPU
		{91D00BD1-09C8-0874-BCC8-1BA3D40EF35F}.Release|x64.Build.0 = Release|Any CPU
		{91D00BD1-09C8-0874-BCC8-1BA3D40EF35F}.Release|x86.ActiveCfg = Release|Any CPU
		{91D00BD1-09C8-0874-BCC8-1BA3D40EF35F}.Release|x86.Build.0 = Release|Any CPU
	EndGlobalSection
	GlobalSection(SolutionProperties) = preSolution
		HideSolutionNode = FALSE
	EndGlobalSection
	GlobalSection(NestedProjects) = preSolution
		{7ACCCBFF-099F-40AF-9678-639E3172DA71} = {827E0CD3-B72D-47B6-A68D-7590B98EB39B}
		{D4472C5F-54E4-4E0A-9D64-ABC8850DD33B} = {827E0CD3-B72D-47B6-A68D-7590B98EB39B}
		{A754B7B2-0183-4488-9994-319CA9C939CD} = {827E0CD3-B72D-47B6-A68D-7590B98EB39B}
		{9BA67FE6-7181-4E9C-BFD4-6ABBD1FEFE64} = {827E0CD3-B72D-47B6-A68D-7590B98EB39B}
		{91D00BD1-09C8-0874-BCC8-1BA3D40EF35F} = {827E0CD3-B72D-47B6-A68D-7590B98EB39B}
	EndGlobalSection
	GlobalSection(ExtensibilityGlobals) = postSolution
		SolutionGuid = {960DDC84-78CD-4DD9-ACBE-BB8E08FED7A7}
	EndGlobalSection
EndGlobal
